// !$*UTF8*$!
{
	archiveVersion = 1;
	classes = {
	};
	objectVersion = 50;
	objects = {

/* Begin PBXBuildFile section */
		071496DF236921E8002A55E2 /* AppDelegate.swift in Sources */ = {isa = PBXBuildFile; fileRef = 071496DE236921E8002A55E2 /* AppDelegate.swift */; };
		071496E1236921E8002A55E2 /* SceneDelegate.swift in Sources */ = {isa = PBXBuildFile; fileRef = 071496E0236921E8002A55E2 /* SceneDelegate.swift */; };
		071496E3236921E8002A55E2 /* ViewController.swift in Sources */ = {isa = PBXBuildFile; fileRef = 071496E2236921E8002A55E2 /* ViewController.swift */; };
		071496E6236921E8002A55E2 /* Main.storyboard in Resources */ = {isa = PBXBuildFile; fileRef = 071496E4236921E8002A55E2 /* Main.storyboard */; };
		071496E8236921E9002A55E2 /* Assets.xcassets in Resources */ = {isa = PBXBuildFile; fileRef = 071496E7236921E9002A55E2 /* Assets.xcassets */; };
		071496EB236921E9002A55E2 /* LaunchScreen.storyboard in Resources */ = {isa = PBXBuildFile; fileRef = 071496E9236921E9002A55E2 /* LaunchScreen.storyboard */; };
		071496F6236921E9002A55E2 /* mydogoTests.swift in Sources */ = {isa = PBXBuildFile; fileRef = 071496F5236921E9002A55E2 /* mydogoTests.swift */; };
/* End PBXBuildFile section */

/* Begin PBXContainerItemProxy section */
		071496F2236921E9002A55E2 /* PBXContainerItemProxy */ = {
			isa = PBXContainerItemProxy;
			containerPortal = 071496D3236921E8002A55E2 /* Project object */;
			proxyType = 1;
			remoteGlobalIDString = 071496DA236921E8002A55E2;
			remoteInfo = mydogo;
		};
/* End PBXContainerItemProxy section */

/* Begin PBXFileReference section */
		071496DB236921E8002A55E2 /* mydogo.app */ = {isa = PBXFileReference; explicitFileType = wrapper.application; includeInIndex = 0; path = mydogo.app; sourceTree = BUILT_PRODUCTS_DIR; };
		071496DE236921E8002A55E2 /* AppDelegate.swift */ = {isa = PBXFileReference; lastKnownFileType = sourcecode.swift; path = AppDelegate.swift; sourceTree = "<group>"; };
		071496E0236921E8002A55E2 /* SceneDelegate.swift */ = {isa = PBXFileReference; lastKnownFileType = sourcecode.swift; path = SceneDelegate.swift; sourceTree = "<group>"; };
		071496E2236921E8002A55E2 /* ViewController.swift */ = {isa = PBXFileReference; lastKnownFileType = sourcecode.swift; path = ViewController.swift; sourceTree = "<group>"; };
		071496E5236921E8002A55E2 /* Base */ = {isa = PBXFileReference; lastKnownFileType = file.storyboard; name = Base; path = Base.lproj/Main.storyboard; sourceTree = "<group>"; };
		071496E7236921E9002A55E2 /* Assets.xcassets */ = {isa = PBXFileReference; lastKnownFileType = folder.assetcatalog; path = Assets.xcassets; sourceTree = "<group>"; };
		071496EA236921E9002A55E2 /* Base */ = {isa = PBXFileReference; lastKnownFileType = file.storyboard; name = Base; path = Base.lproj/LaunchScreen.storyboard; sourceTree = "<group>"; };
		071496EC236921E9002A55E2 /* Info.plist */ = {isa = PBXFileReference; lastKnownFileType = text.plist.xml; path = Info.plist; sourceTree = "<group>"; };
		071496F1236921E9002A55E2 /* mydogoTests.xctest */ = {isa = PBXFileReference; explicitFileType = wrapper.cfbundle; includeInIndex = 0; path = mydogoTests.xctest; sourceTree = BUILT_PRODUCTS_DIR; };
		071496F5236921E9002A55E2 /* mydogoTests.swift */ = {isa = PBXFileReference; lastKnownFileType = sourcecode.swift; path = mydogoTests.swift; sourceTree = "<group>"; };
		071496F7236921E9002A55E2 /* Info.plist */ = {isa = PBXFileReference; lastKnownFileType = text.plist.xml; path = Info.plist; sourceTree = "<group>"; };
/* End PBXFileReference section */

/* Begin PBXFrameworksBuildPhase section */
		071496D8236921E8002A55E2 /* Frameworks */ = {
			isa = PBXFrameworksBuildPhase;
			buildActionMask = 2147483647;
			files = (
			);
			runOnlyForDeploymentPostprocessing = 0;
		};
		071496EE236921E9002A55E2 /* Frameworks */ = {
			isa = PBXFrameworksBuildPhase;
			buildActionMask = 2147483647;
			files = (
			);
			runOnlyForDeploymentPostprocessing = 0;
		};
/* End PBXFrameworksBuildPhase section */

/* Begin PBXGroup section */
		071496D2236921E8002A55E2 = {
			isa = PBXGroup;
			children = (
				071496DD236921E8002A55E2 /* mydogo */,
				071496F4236921E9002A55E2 /* mydogoTests */,
				071496DC236921E8002A55E2 /* Products */,
			);
			sourceTree = "<group>";
		};
		071496DC236921E8002A55E2 /* Products */ = {
			isa = PBXGroup;
			children = (
				071496DB236921E8002A55E2 /* mydogo.app */,
				071496F1236921E9002A55E2 /* mydogoTests.xctest */,
			);
			name = Products;
			sourceTree = "<group>";
		};
		071496DD236921E8002A55E2 /* mydogo */ = {
			isa = PBXGroup;
			children = (
				071496DE236921E8002A55E2 /* AppDelegate.swift */,
				071496E0236921E8002A55E2 /* SceneDelegate.swift */,
				071496E2236921E8002A55E2 /* ViewController.swift */,
				071496E4236921E8002A55E2 /* Main.storyboard */,
				071496E7236921E9002A55E2 /* Assets.xcassets */,
				071496E9236921E9002A55E2 /* LaunchScreen.storyboard */,
				071496EC236921E9002A55E2 /* Info.plist */,
			);
			path = mydogo;
			sourceTree = "<group>";
		};
		071496F4236921E9002A55E2 /* mydogoTests */ = {
			isa = PBXGroup;
			children = (
				071496F5236921E9002A55E2 /* mydogoTests.swift */,
				071496F7236921E9002A55E2 /* Info.plist */,
			);
			path = mydogoTests;
			sourceTree = "<group>";
		};
/* End PBXGroup section */

/* Begin PBXNativeTarget section */
		071496DA236921E8002A55E2 /* mydogo */ = {
			isa = PBXNativeTarget;
			buildConfigurationList = 071496FA236921E9002A55E2 /* Build configuration list for PBXNativeTarget "mydogo" */;
			buildPhases = (
				071496D7236921E8002A55E2 /* Sources */,
				071496D8236921E8002A55E2 /* Frameworks */,
				071496D9236921E8002A55E2 /* Resources */,
			);
			buildRules = (
			);
			dependencies = (
			);
			name = mydogo;
			productName = mydogo;
			productReference = 071496DB236921E8002A55E2 /* mydogo.app */;
			productType = "com.apple.product-type.application";
		};
		071496F0236921E9002A55E2 /* mydogoTests */ = {
			isa = PBXNativeTarget;
			buildConfigurationList = 071496FD236921E9002A55E2 /* Build configuration list for PBXNativeTarget "mydogoTests" */;
			buildPhases = (
				071496ED236921E9002A55E2 /* Sources */,
				071496EE236921E9002A55E2 /* Frameworks */,
				071496EF236921E9002A55E2 /* Resources */,
			);
			buildRules = (
			);
			dependencies = (
				071496F3236921E9002A55E2 /* PBXTargetDependency */,
			);
			name = mydogoTests;
			productName = mydogoTests;
			productReference = 071496F1236921E9002A55E2 /* mydogoTests.xctest */;
			productType = "com.apple.product-type.bundle.unit-test";
		};
/* End PBXNativeTarget section */

/* Begin PBXProject section */
		071496D3236921E8002A55E2 /* Project object */ = {
			isa = PBXProject;
			attributes = {
				LastSwiftUpdateCheck = 1110;
				LastUpgradeCheck = 1110;
				ORGANIZATIONNAME = "Wisetree Solutions Pty Ltd";
				TargetAttributes = {
					071496DA236921E8002A55E2 = {
						CreatedOnToolsVersion = 11.1;
					};
					071496F0236921E9002A55E2 = {
						CreatedOnToolsVersion = 11.1;
						TestTargetID = 071496DA236921E8002A55E2;
					};
				};
			};
			buildConfigurationList = 071496D6236921E8002A55E2 /* Build configuration list for PBXProject "mydogo" */;
			compatibilityVersion = "Xcode 9.3";
			developmentRegion = en;
			hasScannedForEncodings = 0;
			knownRegions = (
				en,
				Base,
			);
			mainGroup = 071496D2236921E8002A55E2;
			productRefGroup = 071496DC236921E8002A55E2 /* Products */;
			projectDirPath = "";
			projectRoot = "";
			targets = (
				071496DA236921E8002A55E2 /* mydogo */,
				071496F0236921E9002A55E2 /* mydogoTests */,
			);
		};
/* End PBXProject section */

/* Begin PBXResourcesBuildPhase section */
		071496D9236921E8002A55E2 /* Resources */ = {
			isa = PBXResourcesBuildPhase;
			buildActionMask = 2147483647;
			files = (
				071496EB236921E9002A55E2 /* LaunchScreen.storyboard in Resources */,
				071496E8236921E9002A55E2 /* Assets.xcassets in Resources */,
				071496E6236921E8002A55E2 /* Main.storyboard in Resources */,
			);
			runOnlyForDeploymentPostprocessing = 0;
		};
		071496EF236921E9002A55E2 /* Resources */ = {
			isa = PBXResourcesBuildPhase;
			buildActionMask = 2147483647;
			files = (
			);
			runOnlyForDeploymentPostprocessing = 0;
		};
/* End PBXResourcesBuildPhase section */

/* Begin PBXSourcesBuildPhase section */
		071496D7236921E8002A55E2 /* Sources */ = {
			isa = PBXSourcesBuildPhase;
			buildActionMask = 2147483647;
			files = (
				071496E3236921E8002A55E2 /* ViewController.swift in Sources */,
				071496DF236921E8002A55E2 /* AppDelegate.swift in Sources */,
				071496E1236921E8002A55E2 /* SceneDelegate.swift in Sources */,
			);
			runOnlyForDeploymentPostprocessing = 0;
		};
		071496ED236921E9002A55E2 /* Sources */ = {
			isa = PBXSourcesBuildPhase;
			buildActionMask = 2147483647;
			files = (
				071496F6236921E9002A55E2 /* mydogoTests.swift in Sources */,
			);
			runOnlyForDeploymentPostprocessing = 0;
		};
/* End PBXSourcesBuildPhase section */

/* Begin PBXTargetDependency section */
		071496F3236921E9002A55E2 /* PBXTargetDependency */ = {
			isa = PBXTargetDependency;
			target = 071496DA236921E8002A55E2 /* mydogo */;
			targetProxy = 071496F2236921E9002A55E2 /* PBXContainerItemProxy */;
		};
/* End PBXTargetDependency section */

/* Begin PBXVariantGroup section */
		071496E4236921E8002A55E2 /* Main.storyboard */ = {
			isa = PBXVariantGroup;
			children = (
				071496E5236921E8002A55E2 /* Base */,
			);
			name = Main.storyboard;
			sourceTree = "<group>";
		};
		071496E9236921E9002A55E2 /* LaunchScreen.storyboard */ = {
			isa = PBXVariantGroup;
			children = (
				071496EA236921E9002A55E2 /* Base */,
			);
			name = LaunchScreen.storyboard;
			sourceTree = "<group>";
		};
/* End PBXVariantGroup section */

/* Begin XCBuildConfiguration section */
		071496F8236921E9002A55E2 /* Debug */ = {
			isa = XCBuildConfiguration;
			buildSettings = {
				ALWAYS_SEARCH_USER_PATHS = NO;
				CLANG_ANALYZER_NONNULL = YES;
				CLANG_ANALYZER_NUMBER_OBJECT_CONVERSION = YES_AGGRESSIVE;
				CLANG_CXX_LANGUAGE_STANDARD = "gnu++14";
				CLANG_CXX_LIBRARY = "libc++";
				CLANG_ENABLE_MODULES = YES;
				CLANG_ENABLE_OBJC_ARC = YES;
				CLANG_ENABLE_OBJC_WEAK = YES;
				CLANG_WARN_BLOCK_CAPTURE_AUTORELEASING = YES;
				CLANG_WARN_BOOL_CONVERSION = YES;
				CLANG_WARN_COMMA = YES;
				CLANG_WARN_CONSTANT_CONVERSION = YES;
				CLANG_WARN_DEPRECATED_OBJC_IMPLEMENTATIONS = YES;
				CLANG_WARN_DIRECT_OBJC_ISA_USAGE = YES_ERROR;
				CLANG_WARN_DOCUMENTATION_COMMENTS = YES;
				CLANG_WARN_EMPTY_BODY = YES;
				CLANG_WARN_ENUM_CONVERSION = YES;
				CLANG_WARN_INFINITE_RECURSION = YES;
				CLANG_WARN_INT_CONVERSION = YES;
				CLANG_WARN_NON_LITERAL_NULL_CONVERSION = YES;
				CLANG_WARN_OBJC_IMPLICIT_RETAIN_SELF = YES;
				CLANG_WARN_OBJC_LITERAL_CONVERSION = YES;
				CLANG_WARN_OBJC_ROOT_CLASS = YES_ERROR;
				CLANG_WARN_RANGE_LOOP_ANALYSIS = YES;
				CLANG_WARN_STRICT_PROTOTYPES = YES;
				CLANG_WARN_SUSPICIOUS_MOVE = YES;
				CLANG_WARN_UNGUARDED_AVAILABILITY = YES_AGGRESSIVE;
				CLANG_WARN_UNREACHABLE_CODE = YES;
				CLANG_WARN__DUPLICATE_METHOD_MATCH = YES;
				COPY_PHASE_STRIP = NO;
				DEBUG_INFORMATION_FORMAT = dwarf;
				ENABLE_STRICT_OBJC_MSGSEND = YES;
				ENABLE_TESTABILITY = YES;
				GCC_C_LANGUAGE_STANDARD = gnu11;
				GCC_DYNAMIC_NO_PIC = NO;
				GCC_NO_COMMON_BLOCKS = YES;
				GCC_OPTIMIZATION_LEVEL = 0;
				GCC_PREPROCESSOR_DEFINITIONS = (
					"DEBUG=1",
					"$(inherited)",
				);
				GCC_WARN_64_TO_32_BIT_CONVERSION = YES;
				GCC_WARN_ABOUT_RETURN_TYPE = YES_ERROR;
				GCC_WARN_UNDECLARED_SELECTOR = YES;
				GCC_WARN_UNINITIALIZED_AUTOS = YES_AGGRESSIVE;
				GCC_WARN_UNUSED_FUNCTION = YES;
				GCC_WARN_UNUSED_VARIABLE = YES;
				IPHONEOS_DEPLOYMENT_TARGET = 13.1;
				MTL_ENABLE_DEBUG_INFO = INCLUDE_SOURCE;
				MTL_FAST_MATH = YES;
				ONLY_ACTIVE_ARCH = YES;
				SDKROOT = iphoneos;
				SWIFT_ACTIVE_COMPILATION_CONDITIONS = DEBUG;
				SWIFT_OPTIMIZATION_LEVEL = "-Onone";
			};
			name = Debug;
		};
		071496F9236921E9002A55E2 /* Release */ = {
			isa = XCBuildConfiguration;
			buildSettings = {
				ALWAYS_SEARCH_USER_PATHS = NO;
				CLANG_ANALYZER_NONNULL = YES;
				CLANG_ANALYZER_NUMBER_OBJECT_CONVERSION = YES_AGGRESSIVE;
				CLANG_CXX_LANGUAGE_STANDARD = "gnu++14";
				CLANG_CXX_LIBRARY = "libc++";
				CLANG_ENABLE_MODULES = YES;
				CLANG_ENABLE_OBJC_ARC = YES;
				CLANG_ENABLE_OBJC_WEAK = YES;
				CLANG_WARN_BLOCK_CAPTURE_AUTORELEASING = YES;
				CLANG_WARN_BOOL_CONVERSION = YES;
				CLANG_WARN_COMMA = YES;
				CLANG_WARN_CONSTANT_CONVERSION = YES;
				CLANG_WARN_DEPRECATED_OBJC_IMPLEMENTATIONS = YES;
				CLANG_WARN_DIRECT_OBJC_ISA_USAGE = YES_ERROR;
				CLANG_WARN_DOCUMENTATION_COMMENTS = YES;
				CLANG_WARN_EMPTY_BODY = YES;
				CLANG_WARN_ENUM_CONVERSION = YES;
				CLANG_WARN_INFINITE_RECURSION = YES;
				CLANG_WARN_INT_CONVERSION = YES;
				CLANG_WARN_NON_LITERAL_NULL_CONVERSION = YES;
				CLANG_WARN_OBJC_IMPLICIT_RETAIN_SELF = YES;
				CLANG_WARN_OBJC_LITERAL_CONVERSION = YES;
				CLANG_WARN_OBJC_ROOT_CLASS = YES_ERROR;
				CLANG_WARN_RANGE_LOOP_ANALYSIS = YES;
				CLANG_WARN_STRICT_PROTOTYPES = YES;
				CLANG_WARN_SUSPICIOUS_MOVE = YES;
				CLANG_WARN_UNGUARDED_AVAILABILITY = YES_AGGRESSIVE;
				CLANG_WARN_UNREACHABLE_CODE = YES;
				CLANG_WARN__DUPLICATE_METHOD_MATCH = YES;
				COPY_PHASE_STRIP = NO;
				DEBUG_INFORMATION_FORMAT = "dwarf-with-dsym";
				ENABLE_NS_ASSERTIONS = NO;
				ENABLE_STRICT_OBJC_MSGSEND = YES;
				GCC_C_LANGUAGE_STANDARD = gnu11;
				GCC_NO_COMMON_BLOCKS = YES;
				GCC_WARN_64_TO_32_BIT_CONVERSION = YES;
				GCC_WARN_ABOUT_RETURN_TYPE = YES_ERROR;
				GCC_WARN_UNDECLARED_SELECTOR = YES;
				GCC_WARN_UNINITIALIZED_AUTOS = YES_AGGRESSIVE;
				GCC_WARN_UNUSED_FUNCTION = YES;
				GCC_WARN_UNUSED_VARIABLE = YES;
				IPHONEOS_DEPLOYMENT_TARGET = 13.1;
				MTL_ENABLE_DEBUG_INFO = NO;
				MTL_FAST_MATH = YES;
				SDKROOT = iphoneos;
				SWIFT_COMPILATION_MODE = wholemodule;
				SWIFT_OPTIMIZATION_LEVEL = "-O";
				VALIDATE_PRODUCT = YES;
			};
			name = Release;
		};
		071496FB236921E9002A55E2 /* Debug */ = {
			isa = XCBuildConfiguration;
			buildSettings = {
				ASSETCATALOG_COMPILER_APPICON_NAME = AppIcon;
				CODE_SIGN_STYLE = Automatic;
				DEVELOPMENT_TEAM = 6ZR9NZF2XV;
				INFOPLIST_FILE = mydogo/Info.plist;
				LD_RUNPATH_SEARCH_PATHS = (
					"$(inherited)",
					"@executable_path/Frameworks",
				);
				PRODUCT_BUNDLE_IDENTIFIER = com.wisetreeapps.mydogo;
				PRODUCT_NAME = "$(TARGET_NAME)";
				SWIFT_VERSION = 5.0;
				TARGETED_DEVICE_FAMILY = "1,2";
			};
			name = Debug;
		};
		071496FC236921E9002A55E2 /* Release */ = {
			isa = XCBuildConfiguration;
			buildSettings = {
				ASSETCATALOG_COMPILER_APPICON_NAME = AppIcon;
				CODE_SIGN_STYLE = Automatic;
				DEVELOPMENT_TEAM = 6ZR9NZF2XV;
				INFOPLIST_FILE = mydogo/Info.plist;
				LD_RUNPATH_SEARCH_PATHS = (
					"$(inherited)",
					"@executable_path/Frameworks",
				);
				PRODUCT_BUNDLE_IDENTIFIER = com.wisetreeapps.mydogo;
				PRODUCT_NAME = "$(TARGET_NAME)";
				SWIFT_VERSION = 5.0;
				TARGETED_DEVICE_FAMILY = "1,2";
			};
			name = Release;
		};
		071496FE236921E9002A55E2 /* Debug */ = {
			isa = XCBuildConfiguration;
			buildSettings = {
				ALWAYS_EMBED_SWIFT_STANDARD_LIBRARIES = YES;
				BUNDLE_LOADER = "$(TEST_HOST)";
				CODE_SIGN_STYLE = Automatic;
				DEVELOPMENT_TEAM = 6ZR9NZF2XV;
				INFOPLIST_FILE = mydogoTests/Info.plist;
				IPHONEOS_DEPLOYMENT_TARGET = 13.1;
				LD_RUNPATH_SEARCH_PATHS = (
					"$(inherited)",
					"@executable_path/Frameworks",
					"@loader_path/Frameworks",
				);
				PRODUCT_BUNDLE_IDENTIFIER = com.wisetreeapps.mydogoTests;
				PRODUCT_NAME = "$(TARGET_NAME)";
				SWIFT_VERSION = 5.0;
				TARGETED_DEVICE_FAMILY = "1,2";
				TEST_HOST = "$(BUILT_PRODUCTS_DIR)/mydogo.app/mydogo";
			};
			name = Debug;
		};
		071496FF236921E9002A55E2 /* Release */ = {
			isa = XCBuildConfiguration;
			buildSettings = {
				ALWAYS_EMBED_SWIFT_STANDARD_LIBRARIES = YES;
				BUNDLE_LOADER = "$(TEST_HOST)";
				CODE_SIGN_STYLE = Automatic;
				DEVELOPMENT_TEAM = 6ZR9NZF2XV;
				INFOPLIST_FILE = mydogoTests/Info.plist;
				IPHONEOS_DEPLOYMENT_TARGET = 13.1;
				LD_RUNPATH_SEARCH_PATHS = (
					"$(inherited)",
					"@executable_path/Frameworks",
					"@loader_path/Frameworks",
				);
				PRODUCT_BUNDLE_IDENTIFIER = com.wisetreeapps.mydogoTests;
				PRODUCT_NAME = "$(TARGET_NAME)";
				SWIFT_VERSION = 5.0;
				TARGETED_DEVICE_FAMILY = "1,2";
				TEST_HOST = "$(BUILT_PRODUCTS_DIR)/mydogo.app/mydogo";
			};
			name = Release;
		};
/* End XCBuildConfiguration section */

/* Begin XCConfigurationList section */
		071496D6236921E8002A55E2 /* Build configuration list for PBXProject "mydogo" */ = {
			isa = XCConfigurationList;
			buildConfigurations = (
				071496F8236921E9002A55E2 /* Debug */,
				071496F9236921E9002A55E2 /* Release */,
			);
			defaultConfigurationIsVisible = 0;
			defaultConfigurationName = Release;
		};
		071496FA236921E9002A55E2 /* Build configuration list for PBXNativeTarget "mydogo" */ = {
			isa = XCConfigurationList;
			buildConfigurations = (
				071496FB236921E9002A55E2 /* Debug */,
				071496FC236921E9002A55E2 /* Release */,
			);
			defaultConfigurationIsVisible = 0;
			defaultConfigurationName = Release;
		};
		071496FD236921E9002A55E2 /* Build configuration list for PBXNativeTarget "mydogoTests" */ = {
			isa = XCConfigurationList;
			buildConfigurations = (
				071496FE236921E9002A55E2 /* Debug */,
				071496FF236921E9002A55E2 /* Release */,
			);
			defaultConfigurationIsVisible = 0;
			defaultConfigurationName = Release;
		};
/* End XCConfigurationList section */
	};
	rootObject = 071496D3236921E8002A55E2 /* Project object */;
}
